
Microsoft Visual Studio Solution File, Format Version 12.00
# Visual Studio 15
VisualStudioVersion = 15.0.27703.2042
MinimumVisualStudioVersion = 10.0.40219.1
Project("{8BC9CEB8-8B4A-11D0-8D11-00A0C91BC942}") = "TAMods-Server", "TAMods-Server.vcxproj", "{BF082296-3D84-4336-8577-07573FB75EB1}"
EndProject
Global
	GlobalSection(SolutionConfigurationPlatforms) = preSolution
		Debug|x86 = Debug|x86
		Release|x86 = Release|x86
	EndGlobalSection
	GlobalSection(ProjectConfigurationPlatforms) = postSolution
		{BF082296-3D84-4336-8577-07573FB75EB1}.Debug|x86.ActiveCfg = Debug|Win32
		{BF082296-3D84-4336-8577-07573FB75EB1}.Debug|x86.Build.0 = Debug|Win32
		{BF082296-3D84-4336-8577-07573FB75EB1}.Release|x86.ActiveCfg = Release|Win32
		{BF082296-3D84-4336-8577-07573FB75EB1}.Release|x86.Build.0 = Release|Win32
	EndGlobalSection
	GlobalSection(SolutionProperties) = preSolution
		HideSolutionNode = FALSE
	EndGlobalSection
	GlobalSection(ExtensibilityGlobals) = postSolution
		SolutionGuid = {6754AB19-74D6-4191-8E17-ADE7A3349DB0}
	EndGlobalSection
EndGlobal
